
Microsoft Visual Studio Solution File, Format Version 12.00
# Visual Studio Version 17
VisualStudioVersion = 17.5.002.0
MinimumVisualStudioVersion = 10.0.40219.1
Project("{9A19103F-16F7-4668-BE54-9A1E7A4F7556}") = "Cidades", "Cidades.csproj", "{3B601DDD-BBF3-4828-B492-4451B9740ACC}"
EndProject
Global
	GlobalSection(SolutionConfigurationPlatforms) = preSolution
		Debug|Any CPU = Debug|Any CPU
		Release|Any CPU = Release|Any CPU
	EndGlobalSection
	GlobalSection(ProjectConfigurationPlatforms) = postSolution
		{3B601DDD-BBF3-4828-B492-4451B9740ACC}.Debug|Any CPU.ActiveCfg = Debug|Any CPU
		{3B601DDD-BBF3-4828-B492-4451B9740ACC}.Debug|Any CPU.Build.0 = Debug|Any CPU
		{3B601DDD-BBF3-4828-B492-4451B9740ACC}.Release|Any CPU.ActiveCfg = Release|Any CPU
		{3B601DDD-BBF3-4828-B492-4451B9740ACC}.Release|Any CPU.Build.0 = Release|Any CPU
	EndGlobalSection
	GlobalSection(SolutionProperties) = preSolution
		HideSolutionNode = FALSE
	EndGlobalSection
	GlobalSection(ExtensibilityGlobals) = postSolution
		SolutionGuid = {AB93979B-E1EC-45CE-8816-1043AD270293}
	EndGlobalSection
EndGlobal
